
Microsoft Visual Studio Solution File, Format Version 12.00
# Visual Studio Version 16
VisualStudioVersion = 16.0.30907.101
MinimumVisualStudioVersion = 10.0.40219.1
Project("{FAE04EC0-301F-11D3-BF4B-00C04F79EFBC}") = "Skladiste", "Skladiste.csproj", "{A5EA55F5-6B0D-42DA-AF97-23B38E5FDB72}"
EndProject
Global
	GlobalSection(SolutionConfigurationPlatforms) = preSolution
		Debug|Any CPU = Debug|Any CPU
		Release|Any CPU = Release|Any CPU
	EndGlobalSection
	GlobalSection(ProjectConfigurationPlatforms) = postSolution
		{A5EA55F5-6B0D-42DA-AF97-23B38E5FDB72}.Debug|Any CPU.ActiveCfg = Debug|Any CPU
		{A5EA55F5-6B0D-42DA-AF97-23B38E5FDB72}.Debug|Any CPU.Build.0 = Debug|Any CPU
		{A5EA55F5-6B0D-42DA-AF97-23B38E5FDB72}.Release|Any CPU.ActiveCfg = Release|Any CPU
		{A5EA55F5-6B0D-42DA-AF97-23B38E5FDB72}.Release|Any CPU.Build.0 = Release|Any CPU
	EndGlobalSection
	GlobalSection(SolutionProperties) = preSolution
		HideSolutionNode = FALSE
	EndGlobalSection
	GlobalSection(ExtensibilityGlobals) = postSolution
		SolutionGuid = {F4A8E382-F8B3-4DB2-82A6-4CAC73369A9A}
	EndGlobalSection
EndGlobal
